// !$*UTF8*$!
{
	archiveVersion = 1;
	classes = {
	};
	objectVersion = 55;
	objects = {

/* Begin PBXBuildFile section */
		C682818A283F620200364F3D /* AppDelegate.swift in Sources */ = {isa = PBXBuildFile; fileRef = C6828189283F620200364F3D /* AppDelegate.swift */; };
		C682818C283F620200364F3D /* SceneDelegate.swift in Sources */ = {isa = PBXBuildFile; fileRef = C682818B283F620200364F3D /* SceneDelegate.swift */; };
		C682818E283F620200364F3D /* ViewController.swift in Sources */ = {isa = PBXBuildFile; fileRef = C682818D283F620200364F3D /* ViewController.swift */; };
		C6828191283F620200364F3D /* Main.storyboard in Resources */ = {isa = PBXBuildFile; fileRef = C682818F283F620200364F3D /* Main.storyboard */; };
		C6828193283F620400364F3D /* Assets.xcassets in Resources */ = {isa = PBXBuildFile; fileRef = C6828192283F620400364F3D /* Assets.xcassets */; };
		C6828196283F620400364F3D /* LaunchScreen.storyboard in Resources */ = {isa = PBXBuildFile; fileRef = C6828194283F620400364F3D /* LaunchScreen.storyboard */; };
		C682819F283F623E00364F3D /* DiaryCell.swift in Sources */ = {isa = PBXBuildFile; fileRef = C682819D283F623E00364F3D /* DiaryCell.swift */; };
		C68281A0283F623E00364F3D /* DiarySectionItemModel.swift in Sources */ = {isa = PBXBuildFile; fileRef = C682819E283F623E00364F3D /* DiarySectionItemModel.swift */; };
		C6EAD2BC2840AC6E0064B4F2 /* DiaryModel.swift in Sources */ = {isa = PBXBuildFile; fileRef = C6EAD2BB2840AC6E0064B4F2 /* DiaryModel.swift */; };
		C6EAD2C22840B4CB0064B4F2 /* OneLineMemoryCell.swift in Sources */ = {isa = PBXBuildFile; fileRef = C6EAD2C12840B4CB0064B4F2 /* OneLineMemoryCell.swift */; };
		C6EAD2C42840BF1F0064B4F2 /* TimeModel.swift in Sources */ = {isa = PBXBuildFile; fileRef = C6EAD2C32840BF1F0064B4F2 /* TimeModel.swift */; };
		C6EAD2C62840D3340064B4F2 /* MorningHeaderView.swift in Sources */ = {isa = PBXBuildFile; fileRef = C6EAD2C52840D3340064B4F2 /* MorningHeaderView.swift */; };
		C6EAD2C82840F7350064B4F2 /* AfternoonHeaderView.swift in Sources */ = {isa = PBXBuildFile; fileRef = C6EAD2C72840F7350064B4F2 /* AfternoonHeaderView.swift */; };
		C7A413EE07CA37E8EBD78B2C /* Pods_ExMultiSectinoMultiItem.framework in Frameworks */ = {isa = PBXBuildFile; fileRef = FBFA2DDF80F00A6D9315ED5F /* Pods_ExMultiSectinoMultiItem.framework */; };
/* End PBXBuildFile section */

/* Begin PBXFileReference section */
		433DBD119D55341DBE275AA5 /* Pods-ExMultiSectinoMultiItem.release.xcconfig */ = {isa = PBXFileReference; includeInIndex = 1; lastKnownFileType = text.xcconfig; name = "Pods-ExMultiSectinoMultiItem.release.xcconfig"; path = "Target Support Files/Pods-ExMultiSectinoMultiItem/Pods-ExMultiSectinoMultiItem.release.xcconfig"; sourceTree = "<group>"; };
		C6828186283F620200364F3D /* ExMultiSectinoMultiItem.app */ = {isa = PBXFileReference; explicitFileType = wrapper.application; includeInIndex = 0; path = ExMultiSectinoMultiItem.app; sourceTree = BUILT_PRODUCTS_DIR; };
		C6828189283F620200364F3D /* AppDelegate.swift */ = {isa = PBXFileReference; lastKnownFileType = sourcecode.swift; path = AppDelegate.swift; sourceTree = "<group>"; };
		C682818B283F620200364F3D /* SceneDelegate.swift */ = {isa = PBXFileReference; lastKnownFileType = sourcecode.swift; path = SceneDelegate.swift; sourceTree = "<group>"; };
		C682818D283F620200364F3D /* ViewController.swift */ = {isa = PBXFileReference; lastKnownFileType = sourcecode.swift; path = ViewController.swift; sourceTree = "<group>"; };
		C6828190283F620200364F3D /* Base */ = {isa = PBXFileReference; lastKnownFileType = file.storyboard; name = Base; path = Base.lproj/Main.storyboard; sourceTree = "<group>"; };
		C6828192283F620400364F3D /* Assets.xcassets */ = {isa = PBXFileReference; lastKnownFileType = folder.assetcatalog; path = Assets.xcassets; sourceTree = "<group>"; };
		C6828195283F620400364F3D /* Base */ = {isa = PBXFileReference; lastKnownFileType = file.storyboard; name = Base; path = Base.lproj/LaunchScreen.storyboard; sourceTree = "<group>"; };
		C6828197283F620400364F3D /* Info.plist */ = {isa = PBXFileReference; lastKnownFileType = text.plist.xml; path = Info.plist; sourceTree = "<group>"; };
		C682819D283F623E00364F3D /* DiaryCell.swift */ = {isa = PBXFileReference; fileEncoding = 4; lastKnownFileType = sourcecode.swift; path = DiaryCell.swift; sourceTree = "<group>"; };
		C682819E283F623E00364F3D /* DiarySectionItemModel.swift */ = {isa = PBXFileReference; fileEncoding = 4; lastKnownFileType = sourcecode.swift; path = DiarySectionItemModel.swift; sourceTree = "<group>"; };
		C6EAD2BB2840AC6E0064B4F2 /* DiaryModel.swift */ = {isa = PBXFileReference; lastKnownFileType = sourcecode.swift; path = DiaryModel.swift; sourceTree = "<group>"; };
		C6EAD2C12840B4CB0064B4F2 /* OneLineMemoryCell.swift */ = {isa = PBXFileReference; lastKnownFileType = sourcecode.swift; path = OneLineMemoryCell.swift; sourceTree = "<group>"; };
		C6EAD2C32840BF1F0064B4F2 /* TimeModel.swift */ = {isa = PBXFileReference; lastKnownFileType = sourcecode.swift; path = TimeModel.swift; sourceTree = "<group>"; };
		C6EAD2C52840D3340064B4F2 /* MorningHeaderView.swift */ = {isa = PBXFileReference; lastKnownFileType = sourcecode.swift; path = MorningHeaderView.swift; sourceTree = "<group>"; };
		C6EAD2C72840F7350064B4F2 /* AfternoonHeaderView.swift */ = {isa = PBXFileReference; lastKnownFileType = sourcecode.swift; path = AfternoonHeaderView.swift; sourceTree = "<group>"; };
		F560A86D0A1652B522737D4B /* Pods-ExMultiSectinoMultiItem.debug.xcconfig */ = {isa = PBXFileReference; includeInIndex = 1; lastKnownFileType = text.xcconfig; name = "Pods-ExMultiSectinoMultiItem.debug.xcconfig"; path = "Target Support Files/Pods-ExMultiSectinoMultiItem/Pods-ExMultiSectinoMultiItem.debug.xcconfig"; sourceTree = "<group>"; };
		FBFA2DDF80F00A6D9315ED5F /* Pods_ExMultiSectinoMultiItem.framework */ = {isa = PBXFileReference; explicitFileType = wrapper.framework; includeInIndex = 0; path = Pods_ExMultiSectinoMultiItem.framework; sourceTree = BUILT_PRODUCTS_DIR; };
/* End PBXFileReference section */

/* Begin PBXFrameworksBuildPhase section */
		C6828183283F620200364F3D /* Frameworks */ = {
			isa = PBXFrameworksBuildPhase;
			buildActionMask = 2147483647;
			files = (
				C7A413EE07CA37E8EBD78B2C /* Pods_ExMultiSectinoMultiItem.framework in Frameworks */,
			);
			runOnlyForDeploymentPostprocessing = 0;
		};
/* End PBXFrameworksBuildPhase section */

/* Begin PBXGroup section */
		01F27C7473509AFEB91C66FF /* Pods */ = {
			isa = PBXGroup;
			children = (
				F560A86D0A1652B522737D4B /* Pods-ExMultiSectinoMultiItem.debug.xcconfig */,
				433DBD119D55341DBE275AA5 /* Pods-ExMultiSectinoMultiItem.release.xcconfig */,
			);
			path = Pods;
			sourceTree = "<group>";
		};
		7308B4B745F32FE557F147FD /* Frameworks */ = {
			isa = PBXGroup;
			children = (
				FBFA2DDF80F00A6D9315ED5F /* Pods_ExMultiSectinoMultiItem.framework */,
			);
			name = Frameworks;
			sourceTree = "<group>";
		};
		C682817D283F620200364F3D = {
			isa = PBXGroup;
			children = (
				C6828188283F620200364F3D /* ExMultiSectinoMultiItem */,
				C6828187283F620200364F3D /* Products */,
				01F27C7473509AFEB91C66FF /* Pods */,
				7308B4B745F32FE557F147FD /* Frameworks */,
			);
			sourceTree = "<group>";
		};
		C6828187283F620200364F3D /* Products */ = {
			isa = PBXGroup;
			children = (
				C6828186283F620200364F3D /* ExMultiSectinoMultiItem.app */,
			);
			name = Products;
			sourceTree = "<group>";
		};
		C6828188283F620200364F3D /* ExMultiSectinoMultiItem */ = {
			isa = PBXGroup;
			children = (
				C6EAD2C02840ACC50064B4F2 /* Type */,
				C6EAD2BD2840ACA60064B4F2 /* Model */,
				C6EAD2BE2840ACA80064B4F2 /* View */,
				C6828189283F620200364F3D /* AppDelegate.swift */,
				C682818D283F620200364F3D /* ViewController.swift */,
				C682818B283F620200364F3D /* SceneDelegate.swift */,
				C682818F283F620200364F3D /* Main.storyboard */,
				C6828192283F620400364F3D /* Assets.xcassets */,
				C6828194283F620400364F3D /* LaunchScreen.storyboard */,
				C6828197283F620400364F3D /* Info.plist */,
			);
			path = ExMultiSectinoMultiItem;
			sourceTree = "<group>";
		};
		C6EAD2BD2840ACA60064B4F2 /* Model */ = {
			isa = PBXGroup;
			children = (
				C6EAD2C32840BF1F0064B4F2 /* TimeModel.swift */,
				C6EAD2BB2840AC6E0064B4F2 /* DiaryModel.swift */,
				C6EAD2C52840D3340064B4F2 /* MorningHeaderView.swift */,
				C6EAD2C72840F7350064B4F2 /* AfternoonHeaderView.swift */,
			);
			path = Model;
			sourceTree = "<group>";
		};
		C6EAD2BE2840ACA80064B4F2 /* View */ = {
			isa = PBXGroup;
			children = (
				C6EAD2BF2840ACB20064B4F2 /* Cell */,
			);
			path = View;
			sourceTree = "<group>";
		};
		C6EAD2BF2840ACB20064B4F2 /* Cell */ = {
			isa = PBXGroup;
			children = (
				C682819D283F623E00364F3D /* DiaryCell.swift */,
				C6EAD2C12840B4CB0064B4F2 /* OneLineMemoryCell.swift */,
			);
			path = Cell;
			sourceTree = "<group>";
		};
		C6EAD2C02840ACC50064B4F2 /* Type */ = {
			isa = PBXGroup;
			children = (
				C682819E283F623E00364F3D /* DiarySectionItemModel.swift */,
			);
			path = Type;
			sourceTree = "<group>";
		};
/* End PBXGroup section */

/* Begin PBXNativeTarget section */
		C6828185283F620200364F3D /* ExMultiSectinoMultiItem */ = {
			isa = PBXNativeTarget;
			buildConfigurationList = C682819A283F620400364F3D /* Build configuration list for PBXNativeTarget "ExMultiSectinoMultiItem" */;
			buildPhases = (
				DD2689180D8A56EDE90B77A2 /* [CP] Check Pods Manifest.lock */,
				C6828182283F620200364F3D /* Sources */,
				C6828183283F620200364F3D /* Frameworks */,
				C6828184283F620200364F3D /* Resources */,
				4BD03EB1210265C78B921C27 /* [CP] Embed Pods Frameworks */,
			);
			buildRules = (
			);
			dependencies = (
			);
			name = ExMultiSectinoMultiItem;
			productName = ExMultiSectinoMultiItem;
			productReference = C6828186283F620200364F3D /* ExMultiSectinoMultiItem.app */;
			productType = "com.apple.product-type.application";
		};
/* End PBXNativeTarget section */

/* Begin PBXProject section */
		C682817E283F620200364F3D /* Project object */ = {
			isa = PBXProject;
			attributes = {
				BuildIndependentTargetsInParallel = 1;
				LastSwiftUpdateCheck = 1330;
				LastUpgradeCheck = 1330;
				TargetAttributes = {
					C6828185283F620200364F3D = {
						CreatedOnToolsVersion = 13.3.1;
					};
				};
			};
			buildConfigurationList = C6828181283F620200364F3D /* Build configuration list for PBXProject "ExMultiSectinoMultiItem" */;
			compatibilityVersion = "Xcode 13.0";
			developmentRegion = en;
			hasScannedForEncodings = 0;
			knownRegions = (
				en,
				Base,
			);
			mainGroup = C682817D283F620200364F3D;
			productRefGroup = C6828187283F620200364F3D /* Products */;
			projectDirPath = "";
			projectRoot = "";
			targets = (
				C6828185283F620200364F3D /* ExMultiSectinoMultiItem */,
			);
		};
/* End PBXProject section */

/* Begin PBXResourcesBuildPhase section */
		C6828184283F620200364F3D /* Resources */ = {
			isa = PBXResourcesBuildPhase;
			buildActionMask = 2147483647;
			files = (
				C6828196283F620400364F3D /* LaunchScreen.storyboard in Resources */,
				C6828193283F620400364F3D /* Assets.xcassets in Resources */,
				C6828191283F620200364F3D /* Main.storyboard in Resources */,
			);
			runOnlyForDeploymentPostprocessing = 0;
		};
/* End PBXResourcesBuildPhase section */

/* Begin PBXShellScriptBuildPhase section */
		4BD03EB1210265C78B921C27 /* [CP] Embed Pods Frameworks */ = {
			isa = PBXShellScriptBuildPhase;
			buildActionMask = 2147483647;
			files = (
			);
			inputFileListPaths = (
				"${PODS_ROOT}/Target Support Files/Pods-ExMultiSectinoMultiItem/Pods-ExMultiSectinoMultiItem-frameworks-${CONFIGURATION}-input-files.xcfilelist",
			);
			name = "[CP] Embed Pods Frameworks";
			outputFileListPaths = (
				"${PODS_ROOT}/Target Support Files/Pods-ExMultiSectinoMultiItem/Pods-ExMultiSectinoMultiItem-frameworks-${CONFIGURATION}-output-files.xcfilelist",
			);
			runOnlyForDeploymentPostprocessing = 0;
			shellPath = /bin/sh;
			shellScript = "\"${PODS_ROOT}/Target Support Files/Pods-ExMultiSectinoMultiItem/Pods-ExMultiSectinoMultiItem-frameworks.sh\"\n";
			showEnvVarsInLog = 0;
		};
		DD2689180D8A56EDE90B77A2 /* [CP] Check Pods Manifest.lock */ = {
			isa = PBXShellScriptBuildPhase;
			buildActionMask = 2147483647;
			files = (
			);
			inputFileListPaths = (
			);
			inputPaths = (
				"${PODS_PODFILE_DIR_PATH}/Podfile.lock",
				"${PODS_ROOT}/Manifest.lock",
			);
			name = "[CP] Check Pods Manifest.lock";
			outputFileListPaths = (
			);
			outputPaths = (
				"$(DERIVED_FILE_DIR)/Pods-ExMultiSectinoMultiItem-checkManifestLockResult.txt",
			);
			runOnlyForDeploymentPostprocessing = 0;
			shellPath = /bin/sh;
			shellScript = "diff \"${PODS_PODFILE_DIR_PATH}/Podfile.lock\" \"${PODS_ROOT}/Manifest.lock\" > /dev/null\nif [ $? != 0 ] ; then\n    # print error to STDERR\n    echo \"error: The sandbox is not in sync with the Podfile.lock. Run 'pod install' or update your CocoaPods installation.\" >&2\n    exit 1\nfi\n# This output is used by Xcode 'outputs' to avoid re-running this script phase.\necho \"SUCCESS\" > \"${SCRIPT_OUTPUT_FILE_0}\"\n";
			showEnvVarsInLog = 0;
		};
/* End PBXShellScriptBuildPhase section */

/* Begin PBXSourcesBuildPhase section */
		C6828182283F620200364F3D /* Sources */ = {
			isa = PBXSourcesBuildPhase;
			buildActionMask = 2147483647;
			files = (
				C6EAD2C82840F7350064B4F2 /* AfternoonHeaderView.swift in Sources */,
				C682818E283F620200364F3D /* ViewController.swift in Sources */,
				C6EAD2BC2840AC6E0064B4F2 /* DiaryModel.swift in Sources */,
				C6EAD2C42840BF1F0064B4F2 /* TimeModel.swift in Sources */,
				C682819F283F623E00364F3D /* DiaryCell.swift in Sources */,
				C68281A0283F623E00364F3D /* DiarySectionItemModel.swift in Sources */,
				C6EAD2C22840B4CB0064B4F2 /* OneLineMemoryCell.swift in Sources */,
				C682818A283F620200364F3D /* AppDelegate.swift in Sources */,
				C6EAD2C62840D3340064B4F2 /* MorningHeaderView.swift in Sources */,
				C682818C283F620200364F3D /* SceneDelegate.swift in Sources */,
			);
			runOnlyForDeploymentPostprocessing = 0;
		};
/* End PBXSourcesBuildPhase section */

/* Begin PBXVariantGroup section */
		C682818F283F620200364F3D /* Main.storyboard */ = {
			isa = PBXVariantGroup;
			children = (
				C6828190283F620200364F3D /* Base */,
			);
			name = Main.storyboard;
			sourceTree = "<group>";
		};
		C6828194283F620400364F3D /* LaunchScreen.storyboard */ = {
			isa = PBXVariantGroup;
			children = (
				C6828195283F620400364F3D /* Base */,
			);
			name = LaunchScreen.storyboard;
			sourceTree = "<group>";
		};
/* End PBXVariantGroup section */

/* Begin XCBuildConfiguration section */
		C6828198283F620400364F3D /* Debug */ = {
			isa = XCBuildConfiguration;
			buildSettings = {
				ALWAYS_SEARCH_USER_PATHS = NO;
				CLANG_ANALYZER_NONNULL = YES;
				CLANG_ANALYZER_NUMBER_OBJECT_CONVERSION = YES_AGGRESSIVE;
				CLANG_CXX_LANGUAGE_STANDARD = "gnu++17";
				CLANG_ENABLE_MODULES = YES;
				CLANG_ENABLE_OBJC_ARC = YES;
				CLANG_ENABLE_OBJC_WEAK = YES;
				CLANG_WARN_BLOCK_CAPTURE_AUTORELEASING = YES;
				CLANG_WARN_BOOL_CONVERSION = YES;
				CLANG_WARN_COMMA = YES;
				CLANG_WARN_CONSTANT_CONVERSION = YES;
				CLANG_WARN_DEPRECATED_OBJC_IMPLEMENTATIONS = YES;
				CLANG_WARN_DIRECT_OBJC_ISA_USAGE = YES_ERROR;
				CLANG_WARN_DOCUMENTATION_COMMENTS = YES;
				CLANG_WARN_EMPTY_BODY = YES;
				CLANG_WARN_ENUM_CONVERSION = YES;
				CLANG_WARN_INFINITE_RECURSION = YES;
				CLANG_WARN_INT_CONVERSION = YES;
				CLANG_WARN_NON_LITERAL_NULL_CONVERSION = YES;
				CLANG_WARN_OBJC_IMPLICIT_RETAIN_SELF = YES;
				CLANG_WARN_OBJC_LITERAL_CONVERSION = YES;
				CLANG_WARN_OBJC_ROOT_CLASS = YES_ERROR;
				CLANG_WARN_QUOTED_INCLUDE_IN_FRAMEWORK_HEADER = YES;
				CLANG_WARN_RANGE_LOOP_ANALYSIS = YES;
				CLANG_WARN_STRICT_PROTOTYPES = YES;
				CLANG_WARN_SUSPICIOUS_MOVE = YES;
				CLANG_WARN_UNGUARDED_AVAILABILITY = YES_AGGRESSIVE;
				CLANG_WARN_UNREACHABLE_CODE = YES;
				CLANG_WARN__DUPLICATE_METHOD_MATCH = YES;
				COPY_PHASE_STRIP = NO;
				DEBUG_INFORMATION_FORMAT = dwarf;
				ENABLE_STRICT_OBJC_MSGSEND = YES;
				ENABLE_TESTABILITY = YES;
				GCC_C_LANGUAGE_STANDARD = gnu11;
				GCC_DYNAMIC_NO_PIC = NO;
				GCC_NO_COMMON_BLOCKS = YES;
				GCC_OPTIMIZATION_LEVEL = 0;
				GCC_PREPROCESSOR_DEFINITIONS = (
					"DEBUG=1",
					"$(inherited)",
				);
				GCC_WARN_64_TO_32_BIT_CONVERSION = YES;
				GCC_WARN_ABOUT_RETURN_TYPE = YES_ERROR;
				GCC_WARN_UNDECLARED_SELECTOR = YES;
				GCC_WARN_UNINITIALIZED_AUTOS = YES_AGGRESSIVE;
				GCC_WARN_UNUSED_FUNCTION = YES;
				GCC_WARN_UNUSED_VARIABLE = YES;
				IPHONEOS_DEPLOYMENT_TARGET = 15.4;
				MTL_ENABLE_DEBUG_INFO = INCLUDE_SOURCE;
				MTL_FAST_MATH = YES;
				ONLY_ACTIVE_ARCH = YES;
				SDKROOT = iphoneos;
				SWIFT_ACTIVE_COMPILATION_CONDITIONS = DEBUG;
				SWIFT_OPTIMIZATION_LEVEL = "-Onone";
			};
			name = Debug;
		};
		C6828199283F620400364F3D /* Release */ = {
			isa = XCBuildConfiguration;
			buildSettings = {
				ALWAYS_SEARCH_USER_PATHS = NO;
				CLANG_ANALYZER_NONNULL = YES;
				CLANG_ANALYZER_NUMBER_OBJECT_CONVERSION = YES_AGGRESSIVE;
				CLANG_CXX_LANGUAGE_STANDARD = "gnu++17";
				CLANG_ENABLE_MODULES = YES;
				CLANG_ENABLE_OBJC_ARC = YES;
				CLANG_ENABLE_OBJC_WEAK = YES;
				CLANG_WARN_BLOCK_CAPTURE_AUTORELEASING = YES;
				CLANG_WARN_BOOL_CONVERSION = YES;
				CLANG_WARN_COMMA = YES;
				CLANG_WARN_CONSTANT_CONVERSION = YES;
				CLANG_WARN_DEPRECATED_OBJC_IMPLEMENTATIONS = YES;
				CLANG_WARN_DIRECT_OBJC_ISA_USAGE = YES_ERROR;
				CLANG_WARN_DOCUMENTATION_COMMENTS = YES;
				CLANG_WARN_EMPTY_BODY = YES;
				CLANG_WARN_ENUM_CONVERSION = YES;
				CLANG_WARN_INFINITE_RECURSION = YES;
				CLANG_WARN_INT_CONVERSION = YES;
				CLANG_WARN_NON_LITERAL_NULL_CONVERSION = YES;
				CLANG_WARN_OBJC_IMPLICIT_RETAIN_SELF = YES;
				CLANG_WARN_OBJC_LITERAL_CONVERSION = YES;
				CLANG_WARN_OBJC_ROOT_CLASS = YES_ERROR;
				CLANG_WARN_QUOTED_INCLUDE_IN_FRAMEWORK_HEADER = YES;
				CLANG_WARN_RANGE_LOOP_ANALYSIS = YES;
				CLANG_WARN_STRICT_PROTOTYPES = YES;
				CLANG_WARN_SUSPICIOUS_MOVE = YES;
				CLANG_WARN_UNGUARDED_AVAILABILITY = YES_AGGRESSIVE;
				CLANG_WARN_UNREACHABLE_CODE = YES;
				CLANG_WARN__DUPLICATE_METHOD_MATCH = YES;
				COPY_PHASE_STRIP = NO;
				DEBUG_INFORMATION_FORMAT = "dwarf-with-dsym";
				ENABLE_NS_ASSERTIONS = NO;
				ENABLE_STRICT_OBJC_MSGSEND = YES;
				GCC_C_LANGUAGE_STANDARD = gnu11;
				GCC_NO_COMMON_BLOCKS = YES;
				GCC_WARN_64_TO_32_BIT_CONVERSION = YES;
				GCC_WARN_ABOUT_RETURN_TYPE = YES_ERROR;
				GCC_WARN_UNDECLARED_SELECTOR = YES;
				GCC_WARN_UNINITIALIZED_AUTOS = YES_AGGRESSIVE;
				GCC_WARN_UNUSED_FUNCTION = YES;
				GCC_WARN_UNUSED_VARIABLE = YES;
				IPHONEOS_DEPLOYMENT_TARGET = 15.4;
				MTL_ENABLE_DEBUG_INFO = NO;
				MTL_FAST_MATH = YES;
				SDKROOT = iphoneos;
				SWIFT_COMPILATION_MODE = wholemodule;
				SWIFT_OPTIMIZATION_LEVEL = "-O";
				VALIDATE_PRODUCT = YES;
			};
			name = Release;
		};
		C682819B283F620400364F3D /* Debug */ = {
			isa = XCBuildConfiguration;
			baseConfigurationReference = F560A86D0A1652B522737D4B /* Pods-ExMultiSectinoMultiItem.debug.xcconfig */;
			buildSettings = {
				ASSETCATALOG_COMPILER_APPICON_NAME = AppIcon;
				ASSETCATALOG_COMPILER_GLOBAL_ACCENT_COLOR_NAME = AccentColor;
				CODE_SIGN_STYLE = Automatic;
				CURRENT_PROJECT_VERSION = 1;
				DEVELOPMENT_TEAM = V99UMBT63A;
				GENERATE_INFOPLIST_FILE = YES;
				INFOPLIST_FILE = ExMultiSectinoMultiItem/Info.plist;
				INFOPLIST_KEY_UIApplicationSupportsIndirectInputEvents = YES;
				INFOPLIST_KEY_UILaunchStoryboardName = LaunchScreen;
				INFOPLIST_KEY_UIMainStoryboardFile = Main;
				INFOPLIST_KEY_UISupportedInterfaceOrientations_iPad = "UIInterfaceOrientationPortrait UIInterfaceOrientationPortraitUpsideDown UIInterfaceOrientationLandscapeLeft UIInterfaceOrientationLandscapeRight";
				INFOPLIST_KEY_UISupportedInterfaceOrientations_iPhone = "UIInterfaceOrientationPortrait UIInterfaceOrientationLandscapeLeft UIInterfaceOrientationLandscapeRight";
				LD_RUNPATH_SEARCH_PATHS = (
					"$(inherited)",
					"@executable_path/Frameworks",
				);
				MARKETING_VERSION = 1.0;
				PRODUCT_BUNDLE_IDENTIFIER = com.ExMultiSectinoMultiItem;
				PRODUCT_NAME = "$(TARGET_NAME)";
				SWIFT_EMIT_LOC_STRINGS = YES;
				SWIFT_VERSION = 5.0;
				TARGETED_DEVICE_FAMILY = "1,2";
			};
			name = Debug;
		};
		C682819C283F620400364F3D /* Release */ = {
			isa = XCBuildConfiguration;
			baseConfigurationReference = 433DBD119D55341DBE275AA5 /* Pods-ExMultiSectinoMultiItem.release.xcconfig */;
			buildSettings = {
				ASSETCATALOG_COMPILER_APPICON_NAME = AppIcon;
				ASSETCATALOG_COMPILER_GLOBAL_ACCENT_COLOR_NAME = AccentColor;
				CODE_SIGN_STYLE = Automatic;
				CURRENT_PROJECT_VERSION = 1;
				DEVELOPMENT_TEAM = V99UMBT63A;
				GENERATE_INFOPLIST_FILE = YES;
				INFOPLIST_FILE = ExMultiSectinoMultiItem/Info.plist;
				INFOPLIST_KEY_UIApplicationSupportsIndirectInputEvents = YES;
				INFOPLIST_KEY_UILaunchStoryboardName = LaunchScreen;
				INFOPLIST_KEY_UIMainStoryboardFile = Main;
				INFOPLIST_KEY_UISupportedInterfaceOrientations_iPad = "UIInterfaceOrientationPortrait UIInterfaceOrientationPortraitUpsideDown UIInterfaceOrientationLandscapeLeft UIInterfaceOrientationLandscapeRight";
				INFOPLIST_KEY_UISupportedInterfaceOrientations_iPhone = "UIInterfaceOrientationPortrait UIInterfaceOrientationLandscapeLeft UIInterfaceOrientationLandscapeRight";
				LD_RUNPATH_SEARCH_PATHS = (
					"$(inherited)",
					"@executable_path/Frameworks",
				);
				MARKETING_VERSION = 1.0;
				PRODUCT_BUNDLE_IDENTIFIER = com.ExMultiSectinoMultiItem;
				PRODUCT_NAME = "$(TARGET_NAME)";
				SWIFT_EMIT_LOC_STRINGS = YES;
				SWIFT_VERSION = 5.0;
				TARGETED_DEVICE_FAMILY = "1,2";
			};
			name = Release;
		};
/* End XCBuildConfiguration section */

/* Begin XCConfigurationList section */
		C6828181283F620200364F3D /* Build configuration list for PBXProject "ExMultiSectinoMultiItem" */ = {
			isa = XCConfigurationList;
			buildConfigurations = (
				C6828198283F620400364F3D /* Debug */,
				C6828199283F620400364F3D /* Release */,
			);
			defaultConfigurationIsVisible = 0;
			defaultConfigurationName = Release;
		};
		C682819A283F620400364F3D /* Build configuration list for PBXNativeTarget "ExMultiSectinoMultiItem" */ = {
			isa = XCConfigurationList;
			buildConfigurations = (
				C682819B283F620400364F3D /* Debug */,
				C682819C283F620400364F3D /* Release */,
			);
			defaultConfigurationIsVisible = 0;
			defaultConfigurationName = Release;
		};
/* End XCConfigurationList section */
	};
	rootObject = C682817E283F620200364F3D /* Project object */;
}
